
Microsoft Visual Studio Solution File, Format Version 12.00
# Visual Studio 2013
VisualStudioVersion = 12.0.31101.0
MinimumVisualStudioVersion = 10.0.40219.1
Project("{FAE04EC0-301F-11D3-BF4B-00C04F79EFBC}") = "easyTcp.Common", "easyTcp.Common\easyTcp.Common.csproj", "{0306AA3C-7A6C-40B2-9B82-F8E9471A265D}"
EndProject
Project("{FAE04EC0-301F-11D3-BF4B-00C04F79EFBC}") = "easyTcp.Client", "easyTcp.Client\easyTcp.Client.csproj", "{D0082DF8-7802-488A-BBEC-2933BCC60074}"
EndProject
Project("{FAE04EC0-301F-11D3-BF4B-00C04F79EFBC}") = "easyTcp.Server", "easyTcp.Server\easyTcp.Server.csproj", "{53CD60D2-DCAC-4236-B2FC-C7222CB1B8CE}"
EndProject
Global
	GlobalSection(SolutionConfigurationPlatforms) = preSolution
		Debug|Any CPU = Debug|Any CPU
		Release|Any CPU = Release|Any CPU
	EndGlobalSection
	GlobalSection(ProjectConfigurationPlatforms) = postSolution
		{0306AA3C-7A6C-40B2-9B82-F8E9471A265D}.Debug|Any CPU.ActiveCfg = Debug|Any CPU
		{0306AA3C-7A6C-40B2-9B82-F8E9471A265D}.Debug|Any CPU.Build.0 = Debug|Any CPU
		{0306AA3C-7A6C-40B2-9B82-F8E9471A265D}.Release|Any CPU.ActiveCfg = Release|Any CPU
		{0306AA3C-7A6C-40B2-9B82-F8E9471A265D}.Release|Any CPU.Build.0 = Release|Any CPU
		{D0082DF8-7802-488A-BBEC-2933BCC60074}.Debug|Any CPU.ActiveCfg = Debug|Any CPU
		{D0082DF8-7802-488A-BBEC-2933BCC60074}.Debug|Any CPU.Build.0 = Debug|Any CPU
		{D0082DF8-7802-488A-BBEC-2933BCC60074}.Release|Any CPU.ActiveCfg = Release|Any CPU
		{D0082DF8-7802-488A-BBEC-2933BCC60074}.Release|Any CPU.Build.0 = Release|Any CPU
		{53CD60D2-DCAC-4236-B2FC-C7222CB1B8CE}.Debug|Any CPU.ActiveCfg = Debug|Any CPU
		{53CD60D2-DCAC-4236-B2FC-C7222CB1B8CE}.Debug|Any CPU.Build.0 = Debug|Any CPU
		{53CD60D2-DCAC-4236-B2FC-C7222CB1B8CE}.Release|Any CPU.ActiveCfg = Release|Any CPU
		{53CD60D2-DCAC-4236-B2FC-C7222CB1B8CE}.Release|Any CPU.Build.0 = Release|Any CPU
	EndGlobalSection
	GlobalSection(SolutionProperties) = preSolution
		HideSolutionNode = FALSE
	EndGlobalSection
EndGlobal
